
Microsoft Visual Studio Solution File, Format Version 12.00
# Visual Studio Version 16
VisualStudioVersion = 16.0.33328.57
MinimumVisualStudioVersion = 10.0.40219.1
Project("{FAE04EC0-301F-11D3-BF4B-00C04F79EFBC}") = "BackupCopyFiles", "BackupCopyFiles\BackupCopyFiles.csproj", "{1C0B6BB3-D146-466D-96F8-88D9E6B614ED}"
EndProject
Global
	GlobalSection(SolutionConfigurationPlatforms) = preSolution
		Debug|Any CPU = Debug|Any CPU
		Release|Any CPU = Release|Any CPU
	EndGlobalSection
	GlobalSection(ProjectConfigurationPlatforms) = postSolution
		{1C0B6BB3-D146-466D-96F8-88D9E6B614ED}.Debug|Any CPU.ActiveCfg = Debug|Any CPU
		{1C0B6BB3-D146-466D-96F8-88D9E6B614ED}.Debug|Any CPU.Build.0 = Debug|Any CPU
		{1C0B6BB3-D146-466D-96F8-88D9E6B614ED}.Release|Any CPU.ActiveCfg = Release|Any CPU
		{1C0B6BB3-D146-466D-96F8-88D9E6B614ED}.Release|Any CPU.Build.0 = Release|Any CPU
	EndGlobalSection
	GlobalSection(SolutionProperties) = preSolution
		HideSolutionNode = FALSE
	EndGlobalSection
	GlobalSection(ExtensibilityGlobals) = postSolution
		SolutionGuid = {3F76B7B4-BEF3-4D86-BFF7-CA917CBC9DB1}
	EndGlobalSection
EndGlobal
